// !$*UTF8*$!
{
	archiveVersion = 1;
	classes = {
	};
	objectVersion = 77;
	objects = {

/* Begin PBXBuildFile section */
		A2D63D222D53D09C00E44BDF /* MenuItem.swift in Sources */ = {isa = PBXBuildFile; fileRef = A2D63D212D53D09C00E44BDF /* MenuItem.swift */; };
		A2D63D242D53D15200E44BDF /* MenuListview.swift in Sources */ = {isa = PBXBuildFile; fileRef = A2D63D232D53D15200E44BDF /* MenuListview.swift */; };
		A2D63D262D54F64A00E44BDF /* MenuListVM.swift in Sources */ = {isa = PBXBuildFile; fileRef = A2D63D252D54F64A00E44BDF /* MenuListVM.swift */; };
		A2D63D282D5930BD00E44BDF /* MenuItemView.swift in Sources */ = {isa = PBXBuildFile; fileRef = A2D63D272D5930BD00E44BDF /* MenuItemView.swift */; };
/* End PBXBuildFile section */

/* Begin PBXContainerItemProxy section */
		A2D63D022D53CCE600E44BDF /* PBXContainerItemProxy */ = {
			isa = PBXContainerItemProxy;
			containerPortal = A2D63CE92D53CCE400E44BDF /* Project object */;
			proxyType = 1;
			remoteGlobalIDString = A2D63CF02D53CCE400E44BDF;
			remoteInfo = YallBeTippin;
		};
		A2D63D0C2D53CCE600E44BDF /* PBXContainerItemProxy */ = {
			isa = PBXContainerItemProxy;
			containerPortal = A2D63CE92D53CCE400E44BDF /* Project object */;
			proxyType = 1;
			remoteGlobalIDString = A2D63CF02D53CCE400E44BDF;
			remoteInfo = YallBeTippin;
		};
/* End PBXContainerItemProxy section */

/* Begin PBXFileReference section */
		A2D63CF12D53CCE400E44BDF /* YallBeTippin.app */ = {isa = PBXFileReference; explicitFileType = wrapper.application; includeInIndex = 0; path = YallBeTippin.app; sourceTree = BUILT_PRODUCTS_DIR; };
		A2D63D012D53CCE600E44BDF /* YallBeTippinTests.xctest */ = {isa = PBXFileReference; explicitFileType = wrapper.cfbundle; includeInIndex = 0; path = YallBeTippinTests.xctest; sourceTree = BUILT_PRODUCTS_DIR; };
		A2D63D0B2D53CCE600E44BDF /* YallBeTippinUITests.xctest */ = {isa = PBXFileReference; explicitFileType = wrapper.cfbundle; includeInIndex = 0; path = YallBeTippinUITests.xctest; sourceTree = BUILT_PRODUCTS_DIR; };
		A2D63D212D53D09C00E44BDF /* MenuItem.swift */ = {isa = PBXFileReference; lastKnownFileType = sourcecode.swift; path = MenuItem.swift; sourceTree = "<group>"; };
		A2D63D232D53D15200E44BDF /* MenuListview.swift */ = {isa = PBXFileReference; lastKnownFileType = sourcecode.swift; path = MenuListview.swift; sourceTree = "<group>"; };
		A2D63D252D54F64A00E44BDF /* MenuListVM.swift */ = {isa = PBXFileReference; lastKnownFileType = sourcecode.swift; path = MenuListVM.swift; sourceTree = "<group>"; };
		A2D63D272D5930BD00E44BDF /* MenuItemView.swift */ = {isa = PBXFileReference; lastKnownFileType = sourcecode.swift; path = MenuItemView.swift; sourceTree = "<group>"; };
/* End PBXFileReference section */

/* Begin PBXFileSystemSynchronizedRootGroup section */
		A2D63CF32D53CCE400E44BDF /* YallBeTippin */ = {
			isa = PBXFileSystemSynchronizedRootGroup;
			path = YallBeTippin;
			sourceTree = "<group>";
		};
		A2D63D042D53CCE600E44BDF /* YallBeTippinTests */ = {
			isa = PBXFileSystemSynchronizedRootGroup;
			path = YallBeTippinTests;
			sourceTree = "<group>";
		};
		A2D63D0E2D53CCE600E44BDF /* YallBeTippinUITests */ = {
			isa = PBXFileSystemSynchronizedRootGroup;
			path = YallBeTippinUITests;
			sourceTree = "<group>";
		};
/* End PBXFileSystemSynchronizedRootGroup section */

/* Begin PBXFrameworksBuildPhase section */
		A2D63CEE2D53CCE400E44BDF /* Frameworks */ = {
			isa = PBXFrameworksBuildPhase;
			buildActionMask = 2147483647;
			files = (
			);
			runOnlyForDeploymentPostprocessing = 0;
		};
		A2D63CFE2D53CCE600E44BDF /* Frameworks */ = {
			isa = PBXFrameworksBuildPhase;
			buildActionMask = 2147483647;
			files = (
			);
			runOnlyForDeploymentPostprocessing = 0;
		};
		A2D63D082D53CCE600E44BDF /* Frameworks */ = {
			isa = PBXFrameworksBuildPhase;
			buildActionMask = 2147483647;
			files = (
			);
			runOnlyForDeploymentPostprocessing = 0;
		};
/* End PBXFrameworksBuildPhase section */

/* Begin PBXGroup section */
		A2D63CE82D53CCE400E44BDF = {
			isa = PBXGroup;
			children = (
				A2D63CF32D53CCE400E44BDF /* YallBeTippin */,
				A2D63D1E2D53CE9C00E44BDF /* ViewModels */,
				A2D63D202D53CEF600E44BDF /* Models */,
				A2D63D1F2D53CEE700E44BDF /* Views */,
				A2D63D042D53CCE600E44BDF /* YallBeTippinTests */,
				A2D63D0E2D53CCE600E44BDF /* YallBeTippinUITests */,
				A2D63CF22D53CCE400E44BDF /* Products */,
			);
			sourceTree = "<group>";
		};
		A2D63CF22D53CCE400E44BDF /* Products */ = {
			isa = PBXGroup;
			children = (
				A2D63CF12D53CCE400E44BDF /* YallBeTippin.app */,
				A2D63D012D53CCE600E44BDF /* YallBeTippinTests.xctest */,
				A2D63D0B2D53CCE600E44BDF /* YallBeTippinUITests.xctest */,
			);
			name = Products;
			sourceTree = "<group>";
		};
		A2D63D1E2D53CE9C00E44BDF /* ViewModels */ = {
			isa = PBXGroup;
			children = (
				A2D63D252D54F64A00E44BDF /* MenuListVM.swift */,
			);
			path = ViewModels;
			sourceTree = "<group>";
		};
		A2D63D1F2D53CEE700E44BDF /* Views */ = {
			isa = PBXGroup;
			children = (
				A2D63D232D53D15200E44BDF /* MenuListview.swift */,
				A2D63D272D5930BD00E44BDF /* MenuItemView.swift */,
			);
			path = Views;
			sourceTree = "<group>";
		};
		A2D63D202D53CEF600E44BDF /* Models */ = {
			isa = PBXGroup;
			children = (
				A2D63D212D53D09C00E44BDF /* MenuItem.swift */,
			);
			path = Models;
			sourceTree = "<group>";
		};
/* End PBXGroup section */

/* Begin PBXNativeTarget section */
		A2D63CF02D53CCE400E44BDF /* YallBeTippin */ = {
			isa = PBXNativeTarget;
			buildConfigurationList = A2D63D152D53CCE600E44BDF /* Build configuration list for PBXNativeTarget "YallBeTippin" */;
			buildPhases = (
				A2D63CED2D53CCE400E44BDF /* Sources */,
				A2D63CEE2D53CCE400E44BDF /* Frameworks */,
				A2D63CEF2D53CCE400E44BDF /* Resources */,
			);
			buildRules = (
			);
			dependencies = (
			);
			fileSystemSynchronizedGroups = (
				A2D63CF32D53CCE400E44BDF /* YallBeTippin */,
			);
			name = YallBeTippin;
			packageProductDependencies = (
			);
			productName = YallBeTippin;
			productReference = A2D63CF12D53CCE400E44BDF /* YallBeTippin.app */;
			productType = "com.apple.product-type.application";
		};
		A2D63D002D53CCE600E44BDF /* YallBeTippinTests */ = {
			isa = PBXNativeTarget;
			buildConfigurationList = A2D63D182D53CCE600E44BDF /* Build configuration list for PBXNativeTarget "YallBeTippinTests" */;
			buildPhases = (
				A2D63CFD2D53CCE600E44BDF /* Sources */,
				A2D63CFE2D53CCE600E44BDF /* Frameworks */,
				A2D63CFF2D53CCE600E44BDF /* Resources */,
			);
			buildRules = (
			);
			dependencies = (
				A2D63D032D53CCE600E44BDF /* PBXTargetDependency */,
			);
			fileSystemSynchronizedGroups = (
				A2D63D042D53CCE600E44BDF /* YallBeTippinTests */,
			);
			name = YallBeTippinTests;
			packageProductDependencies = (
			);
			productName = YallBeTippinTests;
			productReference = A2D63D012D53CCE600E44BDF /* YallBeTippinTests.xctest */;
			productType = "com.apple.product-type.bundle.unit-test";
		};
		A2D63D0A2D53CCE600E44BDF /* YallBeTippinUITests */ = {
			isa = PBXNativeTarget;
			buildConfigurationList = A2D63D1B2D53CCE600E44BDF /* Build configuration list for PBXNativeTarget "YallBeTippinUITests" */;
			buildPhases = (
				A2D63D072D53CCE600E44BDF /* Sources */,
				A2D63D082D53CCE600E44BDF /* Frameworks */,
				A2D63D092D53CCE600E44BDF /* Resources */,
			);
			buildRules = (
			);
			dependencies = (
				A2D63D0D2D53CCE600E44BDF /* PBXTargetDependency */,
			);
			fileSystemSynchronizedGroups = (
				A2D63D0E2D53CCE600E44BDF /* YallBeTippinUITests */,
			);
			name = YallBeTippinUITests;
			packageProductDependencies = (
			);
			productName = YallBeTippinUITests;
			productReference = A2D63D0B2D53CCE600E44BDF /* YallBeTippinUITests.xctest */;
			productType = "com.apple.product-type.bundle.ui-testing";
		};
/* End PBXNativeTarget section */

/* Begin PBXProject section */
		A2D63CE92D53CCE400E44BDF /* Project object */ = {
			isa = PBXProject;
			attributes = {
				BuildIndependentTargetsInParallel = 1;
				LastSwiftUpdateCheck = 1620;
				LastUpgradeCheck = 1620;
				TargetAttributes = {
					A2D63CF02D53CCE400E44BDF = {
						CreatedOnToolsVersion = 16.2;
					};
					A2D63D002D53CCE600E44BDF = {
						CreatedOnToolsVersion = 16.2;
						TestTargetID = A2D63CF02D53CCE400E44BDF;
					};
					A2D63D0A2D53CCE600E44BDF = {
						CreatedOnToolsVersion = 16.2;
						TestTargetID = A2D63CF02D53CCE400E44BDF;
					};
				};
			};
			buildConfigurationList = A2D63CEC2D53CCE400E44BDF /* Build configuration list for PBXProject "YallBeTippin" */;
			developmentRegion = en;
			hasScannedForEncodings = 0;
			knownRegions = (
				en,
				Base,
			);
			mainGroup = A2D63CE82D53CCE400E44BDF;
			minimizedProjectReferenceProxies = 1;
			preferredProjectObjectVersion = 77;
			productRefGroup = A2D63CF22D53CCE400E44BDF /* Products */;
			projectDirPath = "";
			projectRoot = "";
			targets = (
				A2D63CF02D53CCE400E44BDF /* YallBeTippin */,
				A2D63D002D53CCE600E44BDF /* YallBeTippinTests */,
				A2D63D0A2D53CCE600E44BDF /* YallBeTippinUITests */,
			);
		};
/* End PBXProject section */

/* Begin PBXResourcesBuildPhase section */
		A2D63CEF2D53CCE400E44BDF /* Resources */ = {
			isa = PBXResourcesBuildPhase;
			buildActionMask = 2147483647;
			files = (
			);
			runOnlyForDeploymentPostprocessing = 0;
		};
		A2D63CFF2D53CCE600E44BDF /* Resources */ = {
			isa = PBXResourcesBuildPhase;
			buildActionMask = 2147483647;
			files = (
			);
			runOnlyForDeploymentPostprocessing = 0;
		};
		A2D63D092D53CCE600E44BDF /* Resources */ = {
			isa = PBXResourcesBuildPhase;
			buildActionMask = 2147483647;
			files = (
			);
			runOnlyForDeploymentPostprocessing = 0;
		};
/* End PBXResourcesBuildPhase section */

/* Begin PBXSourcesBuildPhase section */
		A2D63CED2D53CCE400E44BDF /* Sources */ = {
			isa = PBXSourcesBuildPhase;
			buildActionMask = 2147483647;
			files = (
				A2D63D222D53D09C00E44BDF /* MenuItem.swift in Sources */,
				A2D63D262D54F64A00E44BDF /* MenuListVM.swift in Sources */,
				A2D63D242D53D15200E44BDF /* MenuListview.swift in Sources */,
				A2D63D282D5930BD00E44BDF /* MenuItemView.swift in Sources */,
			);
			runOnlyForDeploymentPostprocessing = 0;
		};
		A2D63CFD2D53CCE600E44BDF /* Sources */ = {
			isa = PBXSourcesBuildPhase;
			buildActionMask = 2147483647;
			files = (
			);
			runOnlyForDeploymentPostprocessing = 0;
		};
		A2D63D072D53CCE600E44BDF /* Sources */ = {
			isa = PBXSourcesBuildPhase;
			buildActionMask = 2147483647;
			files = (
			);
			runOnlyForDeploymentPostprocessing = 0;
		};
/* End PBXSourcesBuildPhase section */

/* Begin PBXTargetDependency section */
		A2D63D032D53CCE600E44BDF /* PBXTargetDependency */ = {
			isa = PBXTargetDependency;
			target = A2D63CF02D53CCE400E44BDF /* YallBeTippin */;
			targetProxy = A2D63D022D53CCE600E44BDF /* PBXContainerItemProxy */;
		};
		A2D63D0D2D53CCE600E44BDF /* PBXTargetDependency */ = {
			isa = PBXTargetDependency;
			target = A2D63CF02D53CCE400E44BDF /* YallBeTippin */;
			targetProxy = A2D63D0C2D53CCE600E44BDF /* PBXContainerItemProxy */;
		};
/* End PBXTargetDependency section */

/* Begin XCBuildConfiguration section */
		A2D63D132D53CCE600E44BDF /* Debug */ = {
			isa = XCBuildConfiguration;
			buildSettings = {
				ALWAYS_SEARCH_USER_PATHS = NO;
				ASSETCATALOG_COMPILER_GENERATE_SWIFT_ASSET_SYMBOL_EXTENSIONS = YES;
				CLANG_ANALYZER_NONNULL = YES;
				CLANG_ANALYZER_NUMBER_OBJECT_CONVERSION = YES_AGGRESSIVE;
				CLANG_CXX_LANGUAGE_STANDARD = "gnu++20";
				CLANG_ENABLE_MODULES = YES;
				CLANG_ENABLE_OBJC_ARC = YES;
				CLANG_ENABLE_OBJC_WEAK = YES;
				CLANG_WARN_BLOCK_CAPTURE_AUTORELEASING = YES;
				CLANG_WARN_BOOL_CONVERSION = YES;
				CLANG_WARN_COMMA = YES;
				CLANG_WARN_CONSTANT_CONVERSION = YES;
				CLANG_WARN_DEPRECATED_OBJC_IMPLEMENTATIONS = YES;
				CLANG_WARN_DIRECT_OBJC_ISA_USAGE = YES_ERROR;
				CLANG_WARN_DOCUMENTATION_COMMENTS = YES;
				CLANG_WARN_EMPTY_BODY = YES;
				CLANG_WARN_ENUM_CONVERSION = YES;
				CLANG_WARN_INFINITE_RECURSION = YES;
				CLANG_WARN_INT_CONVERSION = YES;
				CLANG_WARN_NON_LITERAL_NULL_CONVERSION = YES;
				CLANG_WARN_OBJC_IMPLICIT_RETAIN_SELF = YES;
				CLANG_WARN_OBJC_LITERAL_CONVERSION = YES;
				CLANG_WARN_OBJC_ROOT_CLASS = YES_ERROR;
				CLANG_WARN_QUOTED_INCLUDE_IN_FRAMEWORK_HEADER = YES;
				CLANG_WARN_RANGE_LOOP_ANALYSIS = YES;
				CLANG_WARN_STRICT_PROTOTYPES = YES;
				CLANG_WARN_SUSPICIOUS_MOVE = YES;
				CLANG_WARN_UNGUARDED_AVAILABILITY = YES_AGGRESSIVE;
				CLANG_WARN_UNREACHABLE_CODE = YES;
				CLANG_WARN__DUPLICATE_METHOD_MATCH = YES;
				COPY_PHASE_STRIP = NO;
				DEBUG_INFORMATION_FORMAT = dwarf;
				ENABLE_STRICT_OBJC_MSGSEND = YES;
				ENABLE_TESTABILITY = YES;
				ENABLE_USER_SCRIPT_SANDBOXING = YES;
				GCC_C_LANGUAGE_STANDARD = gnu17;
				GCC_DYNAMIC_NO_PIC = NO;
				GCC_NO_COMMON_BLOCKS = YES;
				GCC_OPTIMIZATION_LEVEL = 0;
				GCC_PREPROCESSOR_DEFINITIONS = (
					"DEBUG=1",
					"$(inherited)",
				);
				GCC_WARN_64_TO_32_BIT_CONVERSION = YES;
				GCC_WARN_ABOUT_RETURN_TYPE = YES_ERROR;
				GCC_WARN_UNDECLARED_SELECTOR = YES;
				GCC_WARN_UNINITIALIZED_AUTOS = YES_AGGRESSIVE;
				GCC_WARN_UNUSED_FUNCTION = YES;
				GCC_WARN_UNUSED_VARIABLE = YES;
				IPHONEOS_DEPLOYMENT_TARGET = 18.2;
				LOCALIZATION_PREFERS_STRING_CATALOGS = YES;
				MTL_ENABLE_DEBUG_INFO = INCLUDE_SOURCE;
				MTL_FAST_MATH = YES;
				ONLY_ACTIVE_ARCH = YES;
				SDKROOT = iphoneos;
				SWIFT_ACTIVE_COMPILATION_CONDITIONS = "DEBUG $(inherited)";
				SWIFT_OPTIMIZATION_LEVEL = "-Onone";
			};
			name = Debug;
		};
		A2D63D142D53CCE600E44BDF /* Release */ = {
			isa = XCBuildConfiguration;
			buildSettings = {
				ALWAYS_SEARCH_USER_PATHS = NO;
				ASSETCATALOG_COMPILER_GENERATE_SWIFT_ASSET_SYMBOL_EXTENSIONS = YES;
				CLANG_ANALYZER_NONNULL = YES;
				CLANG_ANALYZER_NUMBER_OBJECT_CONVERSION = YES_AGGRESSIVE;
				CLANG_CXX_LANGUAGE_STANDARD = "gnu++20";
				CLANG_ENABLE_MODULES = YES;
				CLANG_ENABLE_OBJC_ARC = YES;
				CLANG_ENABLE_OBJC_WEAK = YES;
				CLANG_WARN_BLOCK_CAPTURE_AUTORELEASING = YES;
				CLANG_WARN_BOOL_CONVERSION = YES;
				CLANG_WARN_COMMA = YES;
				CLANG_WARN_CONSTANT_CONVERSION = YES;
				CLANG_WARN_DEPRECATED_OBJC_IMPLEMENTATIONS = YES;
				CLANG_WARN_DIRECT_OBJC_ISA_USAGE = YES_ERROR;
				CLANG_WARN_DOCUMENTATION_COMMENTS = YES;
				CLANG_WARN_EMPTY_BODY = YES;
				CLANG_WARN_ENUM_CONVERSION = YES;
				CLANG_WARN_INFINITE_RECURSION = YES;
				CLANG_WARN_INT_CONVERSION = YES;
				CLANG_WARN_NON_LITERAL_NULL_CONVERSION = YES;
				CLANG_WARN_OBJC_IMPLICIT_RETAIN_SELF = YES;
				CLANG_WARN_OBJC_LITERAL_CONVERSION = YES;
				CLANG_WARN_OBJC_ROOT_CLASS = YES_ERROR;
				CLANG_WARN_QUOTED_INCLUDE_IN_FRAMEWORK_HEADER = YES;
				CLANG_WARN_RANGE_LOOP_ANALYSIS = YES;
				CLANG_WARN_STRICT_PROTOTYPES = YES;
				CLANG_WARN_SUSPICIOUS_MOVE = YES;
				CLANG_WARN_UNGUARDED_AVAILABILITY = YES_AGGRESSIVE;
				CLANG_WARN_UNREACHABLE_CODE = YES;
				CLANG_WARN__DUPLICATE_METHOD_MATCH = YES;
				COPY_PHASE_STRIP = NO;
				DEBUG_INFORMATION_FORMAT = "dwarf-with-dsym";
				ENABLE_NS_ASSERTIONS = NO;
				ENABLE_STRICT_OBJC_MSGSEND = YES;
				ENABLE_USER_SCRIPT_SANDBOXING = YES;
				GCC_C_LANGUAGE_STANDARD = gnu17;
				GCC_NO_COMMON_BLOCKS = YES;
				GCC_WARN_64_TO_32_BIT_CONVERSION = YES;
				GCC_WARN_ABOUT_RETURN_TYPE = YES_ERROR;
				GCC_WARN_UNDECLARED_SELECTOR = YES;
				GCC_WARN_UNINITIALIZED_AUTOS = YES_AGGRESSIVE;
				GCC_WARN_UNUSED_FUNCTION = YES;
				GCC_WARN_UNUSED_VARIABLE = YES;
				IPHONEOS_DEPLOYMENT_TARGET = 18.2;
				LOCALIZATION_PREFERS_STRING_CATALOGS = YES;
				MTL_ENABLE_DEBUG_INFO = NO;
				MTL_FAST_MATH = YES;
				SDKROOT = iphoneos;
				SWIFT_COMPILATION_MODE = wholemodule;
				VALIDATE_PRODUCT = YES;
			};
			name = Release;
		};
		A2D63D162D53CCE600E44BDF /* Debug */ = {
			isa = XCBuildConfiguration;
			buildSettings = {
				ASSETCATALOG_COMPILER_APPICON_NAME = AppIcon;
				ASSETCATALOG_COMPILER_GLOBAL_ACCENT_COLOR_NAME = AccentColor;
				CODE_SIGN_STYLE = Automatic;
				CURRENT_PROJECT_VERSION = 1;
				DEVELOPMENT_ASSET_PATHS = "\"YallBeTippin/Preview Content\"";
				ENABLE_PREVIEWS = YES;
				GENERATE_INFOPLIST_FILE = YES;
				INFOPLIST_KEY_UIApplicationSceneManifest_Generation = YES;
				INFOPLIST_KEY_UIApplicationSupportsIndirectInputEvents = YES;
				INFOPLIST_KEY_UILaunchScreen_Generation = YES;
				INFOPLIST_KEY_UISupportedInterfaceOrientations_iPad = "UIInterfaceOrientationPortrait UIInterfaceOrientationPortraitUpsideDown UIInterfaceOrientationLandscapeLeft UIInterfaceOrientationLandscapeRight";
				INFOPLIST_KEY_UISupportedInterfaceOrientations_iPhone = "UIInterfaceOrientationPortrait UIInterfaceOrientationLandscapeLeft UIInterfaceOrientationLandscapeRight";
				LD_RUNPATH_SEARCH_PATHS = (
					"$(inherited)",
					"@executable_path/Frameworks",
				);
				MARKETING_VERSION = 1.0;
				PRODUCT_BUNDLE_IDENTIFIER = Anxhelo.YallBeTippin;
				PRODUCT_NAME = "$(TARGET_NAME)";
				SWIFT_EMIT_LOC_STRINGS = YES;
				SWIFT_VERSION = 5.0;
				TARGETED_DEVICE_FAMILY = "1,2";
			};
			name = Debug;
		};
		A2D63D172D53CCE600E44BDF /* Release */ = {
			isa = XCBuildConfiguration;
			buildSettings = {
				ASSETCATALOG_COMPILER_APPICON_NAME = AppIcon;
				ASSETCATALOG_COMPILER_GLOBAL_ACCENT_COLOR_NAME = AccentColor;
				CODE_SIGN_STYLE = Automatic;
				CURRENT_PROJECT_VERSION = 1;
				DEVELOPMENT_ASSET_PATHS = "\"YallBeTippin/Preview Content\"";
				ENABLE_PREVIEWS = YES;
				GENERATE_INFOPLIST_FILE = YES;
				INFOPLIST_KEY_UIApplicationSceneManifest_Generation = YES;
				INFOPLIST_KEY_UIApplicationSupportsIndirectInputEvents = YES;
				INFOPLIST_KEY_UILaunchScreen_Generation = YES;
				INFOPLIST_KEY_UISupportedInterfaceOrientations_iPad = "UIInterfaceOrientationPortrait UIInterfaceOrientationPortraitUpsideDown UIInterfaceOrientationLandscapeLeft UIInterfaceOrientationLandscapeRight";
				INFOPLIST_KEY_UISupportedInterfaceOrientations_iPhone = "UIInterfaceOrientationPortrait UIInterfaceOrientationLandscapeLeft UIInterfaceOrientationLandscapeRight";
				LD_RUNPATH_SEARCH_PATHS = (
					"$(inherited)",
					"@executable_path/Frameworks",
				);
				MARKETING_VERSION = 1.0;
				PRODUCT_BUNDLE_IDENTIFIER = Anxhelo.YallBeTippin;
				PRODUCT_NAME = "$(TARGET_NAME)";
				SWIFT_EMIT_LOC_STRINGS = YES;
				SWIFT_VERSION = 5.0;
				TARGETED_DEVICE_FAMILY = "1,2";
			};
			name = Release;
		};
		A2D63D192D53CCE600E44BDF /* Debug */ = {
			isa = XCBuildConfiguration;
			buildSettings = {
				BUNDLE_LOADER = "$(TEST_HOST)";
				CODE_SIGN_STYLE = Automatic;
				CURRENT_PROJECT_VERSION = 1;
				GENERATE_INFOPLIST_FILE = YES;
				IPHONEOS_DEPLOYMENT_TARGET = 18.2;
				MARKETING_VERSION = 1.0;
				PRODUCT_BUNDLE_IDENTIFIER = Anxhelo.YallBeTippinTests;
				PRODUCT_NAME = "$(TARGET_NAME)";
				SWIFT_EMIT_LOC_STRINGS = NO;
				SWIFT_VERSION = 5.0;
				TARGETED_DEVICE_FAMILY = "1,2";
				TEST_HOST = "$(BUILT_PRODUCTS_DIR)/YallBeTippin.app/$(BUNDLE_EXECUTABLE_FOLDER_PATH)/YallBeTippin";
			};
			name = Debug;
		};
		A2D63D1A2D53CCE600E44BDF /* Release */ = {
			isa = XCBuildConfiguration;
			buildSettings = {
				BUNDLE_LOADER = "$(TEST_HOST)";
				CODE_SIGN_STYLE = Automatic;
				CURRENT_PROJECT_VERSION = 1;
				GENERATE_INFOPLIST_FILE = YES;
				IPHONEOS_DEPLOYMENT_TARGET = 18.2;
				MARKETING_VERSION = 1.0;
				PRODUCT_BUNDLE_IDENTIFIER = Anxhelo.YallBeTippinTests;
				PRODUCT_NAME = "$(TARGET_NAME)";
				SWIFT_EMIT_LOC_STRINGS = NO;
				SWIFT_VERSION = 5.0;
				TARGETED_DEVICE_FAMILY = "1,2";
				TEST_HOST = "$(BUILT_PRODUCTS_DIR)/YallBeTippin.app/$(BUNDLE_EXECUTABLE_FOLDER_PATH)/YallBeTippin";
			};
			name = Release;
		};
		A2D63D1C2D53CCE600E44BDF /* Debug */ = {
			isa = XCBuildConfiguration;
			buildSettings = {
				CODE_SIGN_STYLE = Automatic;
				CURRENT_PROJECT_VERSION = 1;
				GENERATE_INFOPLIST_FILE = YES;
				MARKETING_VERSION = 1.0;
				PRODUCT_BUNDLE_IDENTIFIER = Anxhelo.YallBeTippinUITests;
				PRODUCT_NAME = "$(TARGET_NAME)";
				SWIFT_EMIT_LOC_STRINGS = NO;
				SWIFT_VERSION = 5.0;
				TARGETED_DEVICE_FAMILY = "1,2";
				TEST_TARGET_NAME = YallBeTippin;
			};
			name = Debug;
		};
		A2D63D1D2D53CCE600E44BDF /* Release */ = {
			isa = XCBuildConfiguration;
			buildSettings = {
				CODE_SIGN_STYLE = Automatic;
				CURRENT_PROJECT_VERSION = 1;
				GENERATE_INFOPLIST_FILE = YES;
				MARKETING_VERSION = 1.0;
				PRODUCT_BUNDLE_IDENTIFIER = Anxhelo.YallBeTippinUITests;
				PRODUCT_NAME = "$(TARGET_NAME)";
				SWIFT_EMIT_LOC_STRINGS = NO;
				SWIFT_VERSION = 5.0;
				TARGETED_DEVICE_FAMILY = "1,2";
				TEST_TARGET_NAME = YallBeTippin;
			};
			name = Release;
		};
/* End XCBuildConfiguration section */

/* Begin XCConfigurationList section */
		A2D63CEC2D53CCE400E44BDF /* Build configuration list for PBXProject "YallBeTippin" */ = {
			isa = XCConfigurationList;
			buildConfigurations = (
				A2D63D132D53CCE600E44BDF /* Debug */,
				A2D63D142D53CCE600E44BDF /* Release */,
			);
			defaultConfigurationIsVisible = 0;
			defaultConfigurationName = Release;
		};
		A2D63D152D53CCE600E44BDF /* Build configuration list for PBXNativeTarget "YallBeTippin" */ = {
			isa = XCConfigurationList;
			buildConfigurations = (
				A2D63D162D53CCE600E44BDF /* Debug */,
				A2D63D172D53CCE600E44BDF /* Release */,
			);
			defaultConfigurationIsVisible = 0;
			defaultConfigurationName = Release;
		};
		A2D63D182D53CCE600E44BDF /* Build configuration list for PBXNativeTarget "YallBeTippinTests" */ = {
			isa = XCConfigurationList;
			buildConfigurations = (
				A2D63D192D53CCE600E44BDF /* Debug */,
				A2D63D1A2D53CCE600E44BDF /* Release */,
			);
			defaultConfigurationIsVisible = 0;
			defaultConfigurationName = Release;
		};
		A2D63D1B2D53CCE600E44BDF /* Build configuration list for PBXNativeTarget "YallBeTippinUITests" */ = {
			isa = XCConfigurationList;
			buildConfigurations = (
				A2D63D1C2D53CCE600E44BDF /* Debug */,
				A2D63D1D2D53CCE600E44BDF /* Release */,
			);
			defaultConfigurationIsVisible = 0;
			defaultConfigurationName = Release;
		};
/* End XCConfigurationList section */
	};
	rootObject = A2D63CE92D53CCE400E44BDF /* Project object */;
}
